
Microsoft Visual Studio Solution File, Format Version 12.00
# Visual Studio Version 17
VisualStudioVersion = 17.0.31903.59
MinimumVisualStudioVersion = 10.0.40219.1
Project("{2150E333-8FDC-42A3-9474-1A3956D46DE8}") = "src", "src", "{827E0CD3-B72D-47B6-A68D-7590B98EB39B}"
EndProject
Project("{FAE04EC0-301F-11D3-BF4B-00C04F79EFBC}") = "IskurAuto.Core", "src\IskurAuto.Core\IskurAuto.Core.csproj", "{2DD27B9D-EE27-4D01-A725-FB664CE98140}"
EndProject
Project("{FAE04EC0-301F-11D3-BF4B-00C04F79EFBC}") = "IskurAuto.Data", "src\IskurAuto.Data\IskurAuto.Data.csproj", "{C0E20337-EFD5-45AB-8AB6-A1692857A4DA}"
EndProject
Project("{FAE04EC0-301F-11D3-BF4B-00C04F79EFBC}") = "IskurAuto.Service", "src\IskurAuto.Service\IskurAuto.Service.csproj", "{70960B40-6971-4336-A138-94C673936157}"
EndProject
Project("{FAE04EC0-301F-11D3-BF4B-00C04F79EFBC}") = "IskurAuto.Automation", "src\IskurAuto.Automation\IskurAuto.Automation.csproj", "{09D4C924-672B-41A8-8589-0BE8B5EBA254}"
EndProject
Project("{FAE04EC0-301F-11D3-BF4B-00C04F79EFBC}") = "IskurAuto.API", "src\IskurAuto.API\IskurAuto.API.csproj", "{E051C639-DDDC-4522-9F46-664ABE913D98}"
EndProject
Global
	GlobalSection(SolutionConfigurationPlatforms) = preSolution
		Debug|Any CPU = Debug|Any CPU
		Debug|x64 = Debug|x64
		Debug|x86 = Debug|x86
		Release|Any CPU = Release|Any CPU
		Release|x64 = Release|x64
		Release|x86 = Release|x86
	EndGlobalSection
	GlobalSection(ProjectConfigurationPlatforms) = postSolution
		{2DD27B9D-EE27-4D01-A725-FB664CE98140}.Debug|Any CPU.ActiveCfg = Debug|Any CPU
		{2DD27B9D-EE27-4D01-A725-FB664CE98140}.Debug|Any CPU.Build.0 = Debug|Any CPU
		{2DD27B9D-EE27-4D01-A725-FB664CE98140}.Debug|x64.ActiveCfg = Debug|Any CPU
		{2DD27B9D-EE27-4D01-A725-FB664CE98140}.Debug|x64.Build.0 = Debug|Any CPU
		{2DD27B9D-EE27-4D01-A725-FB664CE98140}.Debug|x86.ActiveCfg = Debug|Any CPU
		{2DD27B9D-EE27-4D01-A725-FB664CE98140}.Debug|x86.Build.0 = Debug|Any CPU
		{2DD27B9D-EE27-4D01-A725-FB664CE98140}.Release|Any CPU.ActiveCfg = Release|Any CPU
		{2DD27B9D-EE27-4D01-A725-FB664CE98140}.Release|Any CPU.Build.0 = Release|Any CPU
		{2DD27B9D-EE27-4D01-A725-FB664CE98140}.Release|x64.ActiveCfg = Release|Any CPU
		{2DD27B9D-EE27-4D01-A725-FB664CE98140}.Release|x64.Build.0 = Release|Any CPU
		{2DD27B9D-EE27-4D01-A725-FB664CE98140}.Release|x86.ActiveCfg = Release|Any CPU
		{2DD27B9D-EE27-4D01-A725-FB664CE98140}.Release|x86.Build.0 = Release|Any CPU
		{C0E20337-EFD5-45AB-8AB6-A1692857A4DA}.Debug|Any CPU.ActiveCfg = Debug|Any CPU
		{C0E20337-EFD5-45AB-8AB6-A1692857A4DA}.Debug|Any CPU.Build.0 = Debug|Any CPU
		{C0E20337-EFD5-45AB-8AB6-A1692857A4DA}.Debug|x64.ActiveCfg = Debug|Any CPU
		{C0E20337-EFD5-45AB-8AB6-A1692857A4DA}.Debug|x64.Build.0 = Debug|Any CPU
		{C0E20337-EFD5-45AB-8AB6-A1692857A4DA}.Debug|x86.ActiveCfg = Debug|Any CPU
		{C0E20337-EFD5-45AB-8AB6-A1692857A4DA}.Debug|x86.Build.0 = Debug|Any CPU
		{C0E20337-EFD5-45AB-8AB6-A1692857A4DA}.Release|Any CPU.ActiveCfg = Release|Any CPU
		{C0E20337-EFD5-45AB-8AB6-A1692857A4DA}.Release|Any CPU.Build.0 = Release|Any CPU
		{C0E20337-EFD5-45AB-8AB6-A1692857A4DA}.Release|x64.ActiveCfg = Release|Any CPU
		{C0E20337-EFD5-45AB-8AB6-A1692857A4DA}.Release|x64.Build.0 = Release|Any CPU
		{C0E20337-EFD5-45AB-8AB6-A1692857A4DA}.Release|x86.ActiveCfg = Release|Any CPU
		{C0E20337-EFD5-45AB-8AB6-A1692857A4DA}.Release|x86.Build.0 = Release|Any CPU
		{70960B40-6971-4336-A138-94C673936157}.Debug|Any CPU.ActiveCfg = Debug|Any CPU
		{70960B40-6971-4336-A138-94C673936157}.Debug|Any CPU.Build.0 = Debug|Any CPU
		{70960B40-6971-4336-A138-94C673936157}.Debug|x64.ActiveCfg = Debug|Any CPU
		{70960B40-6971-4336-A138-94C673936157}.Debug|x64.Build.0 = Debug|Any CPU
		{70960B40-6971-4336-A138-94C673936157}.Debug|x86.ActiveCfg = Debug|Any CPU
		{70960B40-6971-4336-A138-94C673936157}.Debug|x86.Build.0 = Debug|Any CPU
		{70960B40-6971-4336-A138-94C673936157}.Release|Any CPU.ActiveCfg = Release|Any CPU
		{70960B40-6971-4336-A138-94C673936157}.Release|Any CPU.Build.0 = Release|Any CPU
		{70960B40-6971-4336-A138-94C673936157}.Release|x64.ActiveCfg = Release|Any CPU
		{70960B40-6971-4336-A138-94C673936157}.Release|x64.Build.0 = Release|Any CPU
		{70960B40-6971-4336-A138-94C673936157}.Release|x86.ActiveCfg = Release|Any CPU
		{70960B40-6971-4336-A138-94C673936157}.Release|x86.Build.0 = Release|Any CPU
		{09D4C924-672B-41A8-8589-0BE8B5EBA254}.Debug|Any CPU.ActiveCfg = Debug|Any CPU
		{09D4C924-672B-41A8-8589-0BE8B5EBA254}.Debug|Any CPU.Build.0 = Debug|Any CPU
		{09D4C924-672B-41A8-8589-0BE8B5EBA254}.Debug|x64.ActiveCfg = Debug|Any CPU
		{09D4C924-672B-41A8-8589-0BE8B5EBA254}.Debug|x64.Build.0 = Debug|Any CPU
		{09D4C924-672B-41A8-8589-0BE8B5EBA254}.Debug|x86.ActiveCfg = Debug|Any CPU
		{09D4C924-672B-41A8-8589-0BE8B5EBA254}.Debug|x86.Build.0 = Debug|Any CPU
		{09D4C924-672B-41A8-8589-0BE8B5EBA254}.Release|Any CPU.ActiveCfg = Release|Any CPU
		{09D4C924-672B-41A8-8589-0BE8B5EBA254}.Release|Any CPU.Build.0 = Release|Any CPU
		{09D4C924-672B-41A8-8589-0BE8B5EBA254}.Release|x64.ActiveCfg = Release|Any CPU
		{09D4C924-672B-41A8-8589-0BE8B5EBA254}.Release|x64.Build.0 = Release|Any CPU
		{09D4C924-672B-41A8-8589-0BE8B5EBA254}.Release|x86.ActiveCfg = Release|Any CPU
		{09D4C924-672B-41A8-8589-0BE8B5EBA254}.Release|x86.Build.0 = Release|Any CPU
		{E051C639-DDDC-4522-9F46-664ABE913D98}.Debug|Any CPU.ActiveCfg = Debug|Any CPU
		{E051C639-DDDC-4522-9F46-664ABE913D98}.Debug|Any CPU.Build.0 = Debug|Any CPU
		{E051C639-DDDC-4522-9F46-664ABE913D98}.Debug|x64.ActiveCfg = Debug|Any CPU
		{E051C639-DDDC-4522-9F46-664ABE913D98}.Debug|x64.Build.0 = Debug|Any CPU
		{E051C639-DDDC-4522-9F46-664ABE913D98}.Debug|x86.ActiveCfg = Debug|Any CPU
		{E051C639-DDDC-4522-9F46-664ABE913D98}.Debug|x86.Build.0 = Debug|Any CPU
		{E051C639-DDDC-4522-9F46-664ABE913D98}.Release|Any CPU.ActiveCfg = Release|Any CPU
		{E051C639-DDDC-4522-9F46-664ABE913D98}.Release|Any CPU.Build.0 = Release|Any CPU
		{E051C639-DDDC-4522-9F46-664ABE913D98}.Release|x64.ActiveCfg = Release|Any CPU
		{E051C639-DDDC-4522-9F46-664ABE913D98}.Release|x64.Build.0 = Release|Any CPU
		{E051C639-DDDC-4522-9F46-664ABE913D98}.Release|x86.ActiveCfg = Release|Any CPU
		{E051C639-DDDC-4522-9F46-664ABE913D98}.Release|x86.Build.0 = Release|Any CPU
	EndGlobalSection
	GlobalSection(SolutionProperties) = preSolution
		HideSolutionNode = FALSE
	EndGlobalSection
	GlobalSection(NestedProjects) = preSolution
		{2DD27B9D-EE27-4D01-A725-FB664CE98140} = {827E0CD3-B72D-47B6-A68D-7590B98EB39B}
		{C0E20337-EFD5-45AB-8AB6-A1692857A4DA} = {827E0CD3-B72D-47B6-A68D-7590B98EB39B}
		{70960B40-6971-4336-A138-94C673936157} = {827E0CD3-B72D-47B6-A68D-7590B98EB39B}
		{09D4C924-672B-41A8-8589-0BE8B5EBA254} = {827E0CD3-B72D-47B6-A68D-7590B98EB39B}
		{E051C639-DDDC-4522-9F46-664ABE913D98} = {827E0CD3-B72D-47B6-A68D-7590B98EB39B}
	EndGlobalSection
EndGlobal
